// !$*UTF8*$!
{
	archiveVersion = 1;
	classes = {
	};
	objectVersion = 55;
	objects = {

/* Begin PBXBuildFile section */
		AD034F5828E441A800E7AAEF /* AppDelegate.swift in Sources */ = {isa = PBXBuildFile; fileRef = AD034F5728E441A800E7AAEF /* AppDelegate.swift */; };
		AD034F5A28E441A800E7AAEF /* SceneDelegate.swift in Sources */ = {isa = PBXBuildFile; fileRef = AD034F5928E441A800E7AAEF /* SceneDelegate.swift */; };
		AD034F5F28E441A800E7AAEF /* Main.storyboard in Resources */ = {isa = PBXBuildFile; fileRef = AD034F5D28E441A800E7AAEF /* Main.storyboard */; };
		AD034F6128E441AA00E7AAEF /* Assets.xcassets in Resources */ = {isa = PBXBuildFile; fileRef = AD034F6028E441AA00E7AAEF /* Assets.xcassets */; };
		AD034F6428E441AA00E7AAEF /* LaunchScreen.storyboard in Resources */ = {isa = PBXBuildFile; fileRef = AD034F6228E441AA00E7AAEF /* LaunchScreen.storyboard */; };
		AD034F6D28E4429C00E7AAEF /* .gitignore in Resources */ = {isa = PBXBuildFile; fileRef = AD034F6C28E4429C00E7AAEF /* .gitignore */; };
		AD034F6F28E444AA00E7AAEF /* Task.swift in Sources */ = {isa = PBXBuildFile; fileRef = AD034F6E28E444AA00E7AAEF /* Task.swift */; };
		AD034F7828E4456900E7AAEF /* TaskListController.swift in Sources */ = {isa = PBXBuildFile; fileRef = AD034F7728E4456900E7AAEF /* TaskListController.swift */; };
		AD034F7A28E4472B00E7AAEF /* TaskStorage.swift in Sources */ = {isa = PBXBuildFile; fileRef = AD034F7928E4472B00E7AAEF /* TaskStorage.swift */; };
		AD034F7C28E44A9F00E7AAEF /* UITableViewCell+Extention.swift in Sources */ = {isa = PBXBuildFile; fileRef = AD034F7B28E44A9F00E7AAEF /* UITableViewCell+Extention.swift */; };
		AD034F7E28E44AEC00E7AAEF /* TaskCell.swift in Sources */ = {isa = PBXBuildFile; fileRef = AD034F7D28E44AEC00E7AAEF /* TaskCell.swift */; };
		AD034F8028E4519500E7AAEF /* UIStackView+Extension.swift in Sources */ = {isa = PBXBuildFile; fileRef = AD034F7F28E4519500E7AAEF /* UIStackView+Extension.swift */; };
		AD034F8228E4538F00E7AAEF /* UIView+Extension.swift in Sources */ = {isa = PBXBuildFile; fileRef = AD034F8128E4538F00E7AAEF /* UIView+Extension.swift */; };
		AD034F8728E4552F00E7AAEF /* TaskViewModel.swift in Sources */ = {isa = PBXBuildFile; fileRef = AD034F8628E4552F00E7AAEF /* TaskViewModel.swift */; };
/* End PBXBuildFile section */

/* Begin PBXFileReference section */
		AD034F5428E441A800E7AAEF /* To-Do App.app */ = {isa = PBXFileReference; explicitFileType = wrapper.application; includeInIndex = 0; path = "To-Do App.app"; sourceTree = BUILT_PRODUCTS_DIR; };
		AD034F5728E441A800E7AAEF /* AppDelegate.swift */ = {isa = PBXFileReference; lastKnownFileType = sourcecode.swift; path = AppDelegate.swift; sourceTree = "<group>"; };
		AD034F5928E441A800E7AAEF /* SceneDelegate.swift */ = {isa = PBXFileReference; lastKnownFileType = sourcecode.swift; path = SceneDelegate.swift; sourceTree = "<group>"; };
		AD034F5E28E441A800E7AAEF /* Base */ = {isa = PBXFileReference; lastKnownFileType = file.storyboard; name = Base; path = Base.lproj/Main.storyboard; sourceTree = "<group>"; };
		AD034F6028E441AA00E7AAEF /* Assets.xcassets */ = {isa = PBXFileReference; lastKnownFileType = folder.assetcatalog; path = Assets.xcassets; sourceTree = "<group>"; };
		AD034F6328E441AA00E7AAEF /* Base */ = {isa = PBXFileReference; lastKnownFileType = file.storyboard; name = Base; path = Base.lproj/LaunchScreen.storyboard; sourceTree = "<group>"; };
		AD034F6528E441AA00E7AAEF /* Info.plist */ = {isa = PBXFileReference; lastKnownFileType = text.plist.xml; path = Info.plist; sourceTree = "<group>"; };
		AD034F6C28E4429C00E7AAEF /* .gitignore */ = {isa = PBXFileReference; lastKnownFileType = text; path = .gitignore; sourceTree = "<group>"; };
		AD034F6E28E444AA00E7AAEF /* Task.swift */ = {isa = PBXFileReference; lastKnownFileType = sourcecode.swift; path = Task.swift; sourceTree = "<group>"; };
		AD034F7728E4456900E7AAEF /* TaskListController.swift */ = {isa = PBXFileReference; lastKnownFileType = sourcecode.swift; path = TaskListController.swift; sourceTree = "<group>"; };
		AD034F7928E4472B00E7AAEF /* TaskStorage.swift */ = {isa = PBXFileReference; lastKnownFileType = sourcecode.swift; path = TaskStorage.swift; sourceTree = "<group>"; };
		AD034F7B28E44A9F00E7AAEF /* UITableViewCell+Extention.swift */ = {isa = PBXFileReference; lastKnownFileType = sourcecode.swift; path = "UITableViewCell+Extention.swift"; sourceTree = "<group>"; };
		AD034F7D28E44AEC00E7AAEF /* TaskCell.swift */ = {isa = PBXFileReference; lastKnownFileType = sourcecode.swift; path = TaskCell.swift; sourceTree = "<group>"; };
		AD034F7F28E4519500E7AAEF /* UIStackView+Extension.swift */ = {isa = PBXFileReference; lastKnownFileType = sourcecode.swift; path = "UIStackView+Extension.swift"; sourceTree = "<group>"; };
		AD034F8128E4538F00E7AAEF /* UIView+Extension.swift */ = {isa = PBXFileReference; lastKnownFileType = sourcecode.swift; path = "UIView+Extension.swift"; sourceTree = "<group>"; };
		AD034F8628E4552F00E7AAEF /* TaskViewModel.swift */ = {isa = PBXFileReference; lastKnownFileType = sourcecode.swift; path = TaskViewModel.swift; sourceTree = "<group>"; };
/* End PBXFileReference section */

/* Begin PBXFrameworksBuildPhase section */
		AD034F5128E441A800E7AAEF /* Frameworks */ = {
			isa = PBXFrameworksBuildPhase;
			buildActionMask = 2147483647;
			files = (
			);
			runOnlyForDeploymentPostprocessing = 0;
		};
/* End PBXFrameworksBuildPhase section */

/* Begin PBXGroup section */
		AD034F4B28E441A800E7AAEF = {
			isa = PBXGroup;
			children = (
				AD034F6C28E4429C00E7AAEF /* .gitignore */,
				AD034F5628E441A800E7AAEF /* To-Do App */,
				AD034F5528E441A800E7AAEF /* Products */,
			);
			sourceTree = "<group>";
		};
		AD034F5528E441A800E7AAEF /* Products */ = {
			isa = PBXGroup;
			children = (
				AD034F5428E441A800E7AAEF /* To-Do App.app */,
			);
			name = Products;
			sourceTree = "<group>";
		};
		AD034F5628E441A800E7AAEF /* To-Do App */ = {
			isa = PBXGroup;
			children = (
				AD034F8528E4551A00E7AAEF /* ViewModels */,
				AD034F7528E444FC00E7AAEF /* Reusable */,
				AD034F7428E444ED00E7AAEF /* Views */,
				AD034F7328E444D300E7AAEF /* Model */,
				AD034F7128E444BF00E7AAEF /* Controllers */,
				AD034F7028E444B200E7AAEF /* App */,
				AD034F7228E444C700E7AAEF /* Resources */,
				AD034F7628E4451700E7AAEF /* Settings */,
			);
			path = "To-Do App";
			sourceTree = "<group>";
		};
		AD034F7028E444B200E7AAEF /* App */ = {
			isa = PBXGroup;
			children = (
				AD034F5728E441A800E7AAEF /* AppDelegate.swift */,
				AD034F5928E441A800E7AAEF /* SceneDelegate.swift */,
			);
			path = App;
			sourceTree = "<group>";
		};
		AD034F7128E444BF00E7AAEF /* Controllers */ = {
			isa = PBXGroup;
			children = (
				AD034F7728E4456900E7AAEF /* TaskListController.swift */,
			);
			path = Controllers;
			sourceTree = "<group>";
		};
		AD034F7228E444C700E7AAEF /* Resources */ = {
			isa = PBXGroup;
			children = (
				AD034F6228E441AA00E7AAEF /* LaunchScreen.storyboard */,
				AD034F5D28E441A800E7AAEF /* Main.storyboard */,
				AD034F6028E441AA00E7AAEF /* Assets.xcassets */,
			);
			path = Resources;
			sourceTree = "<group>";
		};
		AD034F7328E444D300E7AAEF /* Model */ = {
			isa = PBXGroup;
			children = (
				AD034F6E28E444AA00E7AAEF /* Task.swift */,
				AD034F7928E4472B00E7AAEF /* TaskStorage.swift */,
			);
			path = Model;
			sourceTree = "<group>";
		};
		AD034F7428E444ED00E7AAEF /* Views */ = {
			isa = PBXGroup;
			children = (
				AD034F7D28E44AEC00E7AAEF /* TaskCell.swift */,
			);
			path = Views;
			sourceTree = "<group>";
		};
		AD034F7528E444FC00E7AAEF /* Reusable */ = {
			isa = PBXGroup;
			children = (
				AD034F7B28E44A9F00E7AAEF /* UITableViewCell+Extention.swift */,
				AD034F7F28E4519500E7AAEF /* UIStackView+Extension.swift */,
				AD034F8128E4538F00E7AAEF /* UIView+Extension.swift */,
			);
			path = Reusable;
			sourceTree = "<group>";
		};
		AD034F7628E4451700E7AAEF /* Settings */ = {
			isa = PBXGroup;
			children = (
				AD034F6528E441AA00E7AAEF /* Info.plist */,
			);
			path = Settings;
			sourceTree = "<group>";
		};
		AD034F8528E4551A00E7AAEF /* ViewModels */ = {
			isa = PBXGroup;
			children = (
				AD034F8628E4552F00E7AAEF /* TaskViewModel.swift */,
			);
			path = ViewModels;
			sourceTree = "<group>";
		};
/* End PBXGroup section */

/* Begin PBXNativeTarget section */
		AD034F5328E441A800E7AAEF /* To-Do App */ = {
			isa = PBXNativeTarget;
			buildConfigurationList = AD034F6828E441AA00E7AAEF /* Build configuration list for PBXNativeTarget "To-Do App" */;
			buildPhases = (
				AD034F5028E441A800E7AAEF /* Sources */,
				AD034F5128E441A800E7AAEF /* Frameworks */,
				AD034F5228E441A800E7AAEF /* Resources */,
			);
			buildRules = (
			);
			dependencies = (
			);
			name = "To-Do App";
			productName = "To-Do App";
			productReference = AD034F5428E441A800E7AAEF /* To-Do App.app */;
			productType = "com.apple.product-type.application";
		};
/* End PBXNativeTarget section */

/* Begin PBXProject section */
		AD034F4C28E441A800E7AAEF /* Project object */ = {
			isa = PBXProject;
			attributes = {
				BuildIndependentTargetsInParallel = 1;
				LastSwiftUpdateCheck = 1340;
				LastUpgradeCheck = 1340;
				TargetAttributes = {
					AD034F5328E441A800E7AAEF = {
						CreatedOnToolsVersion = 13.4.1;
					};
				};
			};
			buildConfigurationList = AD034F4F28E441A800E7AAEF /* Build configuration list for PBXProject "To-Do App" */;
			compatibilityVersion = "Xcode 13.0";
			developmentRegion = en;
			hasScannedForEncodings = 0;
			knownRegions = (
				en,
				Base,
			);
			mainGroup = AD034F4B28E441A800E7AAEF;
			productRefGroup = AD034F5528E441A800E7AAEF /* Products */;
			projectDirPath = "";
			projectRoot = "";
			targets = (
				AD034F5328E441A800E7AAEF /* To-Do App */,
			);
		};
/* End PBXProject section */

/* Begin PBXResourcesBuildPhase section */
		AD034F5228E441A800E7AAEF /* Resources */ = {
			isa = PBXResourcesBuildPhase;
			buildActionMask = 2147483647;
			files = (
				AD034F6D28E4429C00E7AAEF /* .gitignore in Resources */,
				AD034F6428E441AA00E7AAEF /* LaunchScreen.storyboard in Resources */,
				AD034F6128E441AA00E7AAEF /* Assets.xcassets in Resources */,
				AD034F5F28E441A800E7AAEF /* Main.storyboard in Resources */,
			);
			runOnlyForDeploymentPostprocessing = 0;
		};
/* End PBXResourcesBuildPhase section */

/* Begin PBXSourcesBuildPhase section */
		AD034F5028E441A800E7AAEF /* Sources */ = {
			isa = PBXSourcesBuildPhase;
			buildActionMask = 2147483647;
			files = (
				AD034F6F28E444AA00E7AAEF /* Task.swift in Sources */,
				AD034F5828E441A800E7AAEF /* AppDelegate.swift in Sources */,
				AD034F7E28E44AEC00E7AAEF /* TaskCell.swift in Sources */,
				AD034F8228E4538F00E7AAEF /* UIView+Extension.swift in Sources */,
				AD034F7828E4456900E7AAEF /* TaskListController.swift in Sources */,
				AD034F7A28E4472B00E7AAEF /* TaskStorage.swift in Sources */,
				AD034F8028E4519500E7AAEF /* UIStackView+Extension.swift in Sources */,
				AD034F7C28E44A9F00E7AAEF /* UITableViewCell+Extention.swift in Sources */,
				AD034F5A28E441A800E7AAEF /* SceneDelegate.swift in Sources */,
				AD034F8728E4552F00E7AAEF /* TaskViewModel.swift in Sources */,
			);
			runOnlyForDeploymentPostprocessing = 0;
		};
/* End PBXSourcesBuildPhase section */

/* Begin PBXVariantGroup section */
		AD034F5D28E441A800E7AAEF /* Main.storyboard */ = {
			isa = PBXVariantGroup;
			children = (
				AD034F5E28E441A800E7AAEF /* Base */,
			);
			name = Main.storyboard;
			sourceTree = "<group>";
		};
		AD034F6228E441AA00E7AAEF /* LaunchScreen.storyboard */ = {
			isa = PBXVariantGroup;
			children = (
				AD034F6328E441AA00E7AAEF /* Base */,
			);
			name = LaunchScreen.storyboard;
			sourceTree = "<group>";
		};
/* End PBXVariantGroup section */

/* Begin XCBuildConfiguration section */
		AD034F6628E441AA00E7AAEF /* Debug */ = {
			isa = XCBuildConfiguration;
			buildSettings = {
				ALWAYS_SEARCH_USER_PATHS = NO;
				CLANG_ANALYZER_NONNULL = YES;
				CLANG_ANALYZER_NUMBER_OBJECT_CONVERSION = YES_AGGRESSIVE;
				CLANG_CXX_LANGUAGE_STANDARD = "gnu++17";
				CLANG_ENABLE_MODULES = YES;
				CLANG_ENABLE_OBJC_ARC = YES;
				CLANG_ENABLE_OBJC_WEAK = YES;
				CLANG_WARN_BLOCK_CAPTURE_AUTORELEASING = YES;
				CLANG_WARN_BOOL_CONVERSION = YES;
				CLANG_WARN_COMMA = YES;
				CLANG_WARN_CONSTANT_CONVERSION = YES;
				CLANG_WARN_DEPRECATED_OBJC_IMPLEMENTATIONS = YES;
				CLANG_WARN_DIRECT_OBJC_ISA_USAGE = YES_ERROR;
				CLANG_WARN_DOCUMENTATION_COMMENTS = YES;
				CLANG_WARN_EMPTY_BODY = YES;
				CLANG_WARN_ENUM_CONVERSION = YES;
				CLANG_WARN_INFINITE_RECURSION = YES;
				CLANG_WARN_INT_CONVERSION = YES;
				CLANG_WARN_NON_LITERAL_NULL_CONVERSION = YES;
				CLANG_WARN_OBJC_IMPLICIT_RETAIN_SELF = YES;
				CLANG_WARN_OBJC_LITERAL_CONVERSION = YES;
				CLANG_WARN_OBJC_ROOT_CLASS = YES_ERROR;
				CLANG_WARN_QUOTED_INCLUDE_IN_FRAMEWORK_HEADER = YES;
				CLANG_WARN_RANGE_LOOP_ANALYSIS = YES;
				CLANG_WARN_STRICT_PROTOTYPES = YES;
				CLANG_WARN_SUSPICIOUS_MOVE = YES;
				CLANG_WARN_UNGUARDED_AVAILABILITY = YES_AGGRESSIVE;
				CLANG_WARN_UNREACHABLE_CODE = YES;
				CLANG_WARN__DUPLICATE_METHOD_MATCH = YES;
				COPY_PHASE_STRIP = NO;
				DEBUG_INFORMATION_FORMAT = dwarf;
				ENABLE_STRICT_OBJC_MSGSEND = YES;
				ENABLE_TESTABILITY = YES;
				GCC_C_LANGUAGE_STANDARD = gnu11;
				GCC_DYNAMIC_NO_PIC = NO;
				GCC_NO_COMMON_BLOCKS = YES;
				GCC_OPTIMIZATION_LEVEL = 0;
				GCC_PREPROCESSOR_DEFINITIONS = (
					"DEBUG=1",
					"$(inherited)",
				);
				GCC_WARN_64_TO_32_BIT_CONVERSION = YES;
				GCC_WARN_ABOUT_RETURN_TYPE = YES_ERROR;
				GCC_WARN_UNDECLARED_SELECTOR = YES;
				GCC_WARN_UNINITIALIZED_AUTOS = YES_AGGRESSIVE;
				GCC_WARN_UNUSED_FUNCTION = YES;
				GCC_WARN_UNUSED_VARIABLE = YES;
				IPHONEOS_DEPLOYMENT_TARGET = 15.5;
				MTL_ENABLE_DEBUG_INFO = INCLUDE_SOURCE;
				MTL_FAST_MATH = YES;
				ONLY_ACTIVE_ARCH = YES;
				SDKROOT = iphoneos;
				SWIFT_ACTIVE_COMPILATION_CONDITIONS = DEBUG;
				SWIFT_OPTIMIZATION_LEVEL = "-Onone";
			};
			name = Debug;
		};
		AD034F6728E441AA00E7AAEF /* Release */ = {
			isa = XCBuildConfiguration;
			buildSettings = {
				ALWAYS_SEARCH_USER_PATHS = NO;
				CLANG_ANALYZER_NONNULL = YES;
				CLANG_ANALYZER_NUMBER_OBJECT_CONVERSION = YES_AGGRESSIVE;
				CLANG_CXX_LANGUAGE_STANDARD = "gnu++17";
				CLANG_ENABLE_MODULES = YES;
				CLANG_ENABLE_OBJC_ARC = YES;
				CLANG_ENABLE_OBJC_WEAK = YES;
				CLANG_WARN_BLOCK_CAPTURE_AUTORELEASING = YES;
				CLANG_WARN_BOOL_CONVERSION = YES;
				CLANG_WARN_COMMA = YES;
				CLANG_WARN_CONSTANT_CONVERSION = YES;
				CLANG_WARN_DEPRECATED_OBJC_IMPLEMENTATIONS = YES;
				CLANG_WARN_DIRECT_OBJC_ISA_USAGE = YES_ERROR;
				CLANG_WARN_DOCUMENTATION_COMMENTS = YES;
				CLANG_WARN_EMPTY_BODY = YES;
				CLANG_WARN_ENUM_CONVERSION = YES;
				CLANG_WARN_INFINITE_RECURSION = YES;
				CLANG_WARN_INT_CONVERSION = YES;
				CLANG_WARN_NON_LITERAL_NULL_CONVERSION = YES;
				CLANG_WARN_OBJC_IMPLICIT_RETAIN_SELF = YES;
				CLANG_WARN_OBJC_LITERAL_CONVERSION = YES;
				CLANG_WARN_OBJC_ROOT_CLASS = YES_ERROR;
				CLANG_WARN_QUOTED_INCLUDE_IN_FRAMEWORK_HEADER = YES;
				CLANG_WARN_RANGE_LOOP_ANALYSIS = YES;
				CLANG_WARN_STRICT_PROTOTYPES = YES;
				CLANG_WARN_SUSPICIOUS_MOVE = YES;
				CLANG_WARN_UNGUARDED_AVAILABILITY = YES_AGGRESSIVE;
				CLANG_WARN_UNREACHABLE_CODE = YES;
				CLANG_WARN__DUPLICATE_METHOD_MATCH = YES;
				COPY_PHASE_STRIP = NO;
				DEBUG_INFORMATION_FORMAT = "dwarf-with-dsym";
				ENABLE_NS_ASSERTIONS = NO;
				ENABLE_STRICT_OBJC_MSGSEND = YES;
				GCC_C_LANGUAGE_STANDARD = gnu11;
				GCC_NO_COMMON_BLOCKS = YES;
				GCC_WARN_64_TO_32_BIT_CONVERSION = YES;
				GCC_WARN_ABOUT_RETURN_TYPE = YES_ERROR;
				GCC_WARN_UNDECLARED_SELECTOR = YES;
				GCC_WARN_UNINITIALIZED_AUTOS = YES_AGGRESSIVE;
				GCC_WARN_UNUSED_FUNCTION = YES;
				GCC_WARN_UNUSED_VARIABLE = YES;
				IPHONEOS_DEPLOYMENT_TARGET = 15.5;
				MTL_ENABLE_DEBUG_INFO = NO;
				MTL_FAST_MATH = YES;
				SDKROOT = iphoneos;
				SWIFT_COMPILATION_MODE = wholemodule;
				SWIFT_OPTIMIZATION_LEVEL = "-O";
				VALIDATE_PRODUCT = YES;
			};
			name = Release;
		};
		AD034F6928E441AA00E7AAEF /* Debug */ = {
			isa = XCBuildConfiguration;
			buildSettings = {
				ASSETCATALOG_COMPILER_APPICON_NAME = AppIcon;
				ASSETCATALOG_COMPILER_GLOBAL_ACCENT_COLOR_NAME = AccentColor;
				CODE_SIGN_STYLE = Automatic;
				CURRENT_PROJECT_VERSION = 1;
				DEVELOPMENT_TEAM = ZJT7J46U9V;
				GENERATE_INFOPLIST_FILE = YES;
				INFOPLIST_FILE = "To-Do App/Settings/Info.plist";
				INFOPLIST_KEY_UIApplicationSupportsIndirectInputEvents = YES;
				INFOPLIST_KEY_UILaunchStoryboardName = LaunchScreen;
				INFOPLIST_KEY_UIMainStoryboardFile = Main;
				INFOPLIST_KEY_UISupportedInterfaceOrientations_iPad = "UIInterfaceOrientationPortrait UIInterfaceOrientationPortraitUpsideDown UIInterfaceOrientationLandscapeLeft UIInterfaceOrientationLandscapeRight";
				INFOPLIST_KEY_UISupportedInterfaceOrientations_iPhone = "UIInterfaceOrientationPortrait UIInterfaceOrientationLandscapeLeft UIInterfaceOrientationLandscapeRight";
				LD_RUNPATH_SEARCH_PATHS = (
					"$(inherited)",
					"@executable_path/Frameworks",
				);
				MARKETING_VERSION = 1.0;
				PRODUCT_BUNDLE_IDENTIFIER = "com.example.To-Do-App";
				PRODUCT_NAME = "$(TARGET_NAME)";
				SWIFT_EMIT_LOC_STRINGS = YES;
				SWIFT_VERSION = 5.0;
				TARGETED_DEVICE_FAMILY = "1,2";
			};
			name = Debug;
		};
		AD034F6A28E441AA00E7AAEF /* Release */ = {
			isa = XCBuildConfiguration;
			buildSettings = {
				ASSETCATALOG_COMPILER_APPICON_NAME = AppIcon;
				ASSETCATALOG_COMPILER_GLOBAL_ACCENT_COLOR_NAME = AccentColor;
				CODE_SIGN_STYLE = Automatic;
				CURRENT_PROJECT_VERSION = 1;
				DEVELOPMENT_TEAM = ZJT7J46U9V;
				GENERATE_INFOPLIST_FILE = YES;
				INFOPLIST_FILE = "To-Do App/Settings/Info.plist";
				INFOPLIST_KEY_UIApplicationSupportsIndirectInputEvents = YES;
				INFOPLIST_KEY_UILaunchStoryboardName = LaunchScreen;
				INFOPLIST_KEY_UIMainStoryboardFile = Main;
				INFOPLIST_KEY_UISupportedInterfaceOrientations_iPad = "UIInterfaceOrientationPortrait UIInterfaceOrientationPortraitUpsideDown UIInterfaceOrientationLandscapeLeft UIInterfaceOrientationLandscapeRight";
				INFOPLIST_KEY_UISupportedInterfaceOrientations_iPhone = "UIInterfaceOrientationPortrait UIInterfaceOrientationLandscapeLeft UIInterfaceOrientationLandscapeRight";
				LD_RUNPATH_SEARCH_PATHS = (
					"$(inherited)",
					"@executable_path/Frameworks",
				);
				MARKETING_VERSION = 1.0;
				PRODUCT_BUNDLE_IDENTIFIER = "com.example.To-Do-App";
				PRODUCT_NAME = "$(TARGET_NAME)";
				SWIFT_EMIT_LOC_STRINGS = YES;
				SWIFT_VERSION = 5.0;
				TARGETED_DEVICE_FAMILY = "1,2";
			};
			name = Release;
		};
/* End XCBuildConfiguration section */

/* Begin XCConfigurationList section */
		AD034F4F28E441A800E7AAEF /* Build configuration list for PBXProject "To-Do App" */ = {
			isa = XCConfigurationList;
			buildConfigurations = (
				AD034F6628E441AA00E7AAEF /* Debug */,
				AD034F6728E441AA00E7AAEF /* Release */,
			);
			defaultConfigurationIsVisible = 0;
			defaultConfigurationName = Release;
		};
		AD034F6828E441AA00E7AAEF /* Build configuration list for PBXNativeTarget "To-Do App" */ = {
			isa = XCConfigurationList;
			buildConfigurations = (
				AD034F6928E441AA00E7AAEF /* Debug */,
				AD034F6A28E441AA00E7AAEF /* Release */,
			);
			defaultConfigurationIsVisible = 0;
			defaultConfigurationName = Release;
		};
/* End XCConfigurationList section */
	};
	rootObject = AD034F4C28E441A800E7AAEF /* Project object */;
}
